# THIS IS AN AUTOGENERATED FILE. DO NOT EDIT THIS FILE DIRECTLY.
# yarn lockfile v1


"@types/lodash@4.14.194":
  version "4.14.194"
  resolved "https://registry.yarnpkg.com/@types/lodash/-/lodash-4.14.194.tgz#b71eb6f7a0ff11bff59fc987134a093029258a76"
  integrity sha512-r22s9tAS7imvBt2lyHC9B8AGwWnXaYb1tY09oyLkXDs4vArpYJzw09nj8MLx5VfciBPGIb+ZwG0ssYnEPJxn/g==

"@types/ramda@0.29.0":
  version "0.29.0"
  resolved "https://registry.yarnpkg.com/@types/ramda/-/ramda-0.29.0.tgz#4f226db24764dde77c60e1f601c357894bcfb7cc"
  integrity sha512-TY9eKsklU43CmAbFJPKDUyBjleZ4EFAkbJeQRF4e8byGkOw1CjDcwg5EGa0Bgf0Kgs9BE9OU4UzQWnQDHnvMtA==
  dependencies:
    types-ramda "^0.29.1"

benchmark@2.1.4:
  version "2.1.4"
  resolved "https://registry.yarnpkg.com/benchmark/-/benchmark-2.1.4.tgz#09f3de31c916425d498cc2ee565a0ebf3c2a5629"
  integrity sha1-CfPeMckWQl1JjMLuVloOvzwqVik=
  dependencies:
    lodash "^4.17.4"
    platform "^1.3.3"

lodash@4.17.21, lodash@^4.17.4:
  version "4.17.21"
  resolved "https://registry.yarnpkg.com/lodash/-/lodash-4.17.21.tgz#679591c564c3bffaae8454cf0b3df370c3d6911c"
  integrity sha512-v2kDEe57lecTulaDIuNTPy3Ry4gLGJ6Z1O3vE1krgXZNrsQ+LFTGHVxVjcXPs17LhbZVGedAJv8XZ1tvj5FvSg==

microtime@3.1.1:
  version "3.1.1"
  resolved "https://registry.yarnpkg.com/microtime/-/microtime-3.1.1.tgz#f3ce12f4091c55fb2982c87205e2e7698afdcd0c"
  integrity sha512-to1r7o24cDsud9IhN6/8wGmMx5R2kT0w2Xwm5okbYI3d1dk6Xv0m+Z+jg2vS9pt+ocgQHTCtgs/YuyJhySzxNg==
  dependencies:
    node-addon-api "^5.0.0"
    node-gyp-build "^4.4.0"

node-addon-api@^5.0.0:
  version "5.0.0"
  resolved "https://registry.yarnpkg.com/node-addon-api/-/node-addon-api-5.0.0.tgz#7d7e6f9ef89043befdb20c1989c905ebde18c501"
  integrity sha512-CvkDw2OEnme7ybCykJpVcKH+uAOLV2qLqiyla128dN9TkEWfrYmxG6C2boDe5KcNQqZF3orkqzGgOMvZ/JNekA==

node-gyp-build@^4.4.0:
  version "4.4.0"
  resolved "https://registry.yarnpkg.com/node-gyp-build/-/node-gyp-build-4.4.0.tgz#42e99687ce87ddeaf3a10b99dc06abc11021f3f4"
  integrity sha512-amJnQCcgtRVw9SvoebO3BKGESClrfXGCUTX9hSn1OuGQTQBOZmVd0Z0OlecpuRksKvbsUqALE8jls/ErClAPuQ==

platform@^1.3.3:
  version "1.3.6"
  resolved "https://registry.yarnpkg.com/platform/-/platform-1.3.6.tgz#48b4ce983164b209c2d45a107adb31f473a6e7a7"
  integrity sha512-fnWVljUchTro6RiCFvCXBbNhJc2NijN7oIQxbwsyL0buWJPG85v81ehlHI9fXrJsMNgTofEoWIQeClKpgxFLrg==

ramda@0.29.0:
  version "0.29.0"
  resolved "https://registry.yarnpkg.com/ramda/-/ramda-0.29.0.tgz#fbbb67a740a754c8a4cbb41e2a6e0eb8507f55fb"
  integrity sha512-BBea6L67bYLtdbOqfp8f58fPMqEwx0doL+pAi8TZyp2YWz8R9G8z9x75CZI8W+ftqhFHCpEX2cRnUUXK130iKA==

ts-toolbelt@^9.6.0:
  version "9.6.0"
  resolved "https://registry.yarnpkg.com/ts-toolbelt/-/ts-toolbelt-9.6.0.tgz#50a25426cfed500d4a09bd1b3afb6f28879edfd5"
  integrity sha512-nsZd8ZeNUzukXPlJmTBwUAuABDe/9qtVDelJeT/qW0ow3ZS3BsQJtNkan1802aM9Uf68/Y8ljw86Hu0h5IUW3w==

types-ramda@^0.29.1:
  version "0.29.1"
  resolved "https://registry.yarnpkg.com/types-ramda/-/types-ramda-0.29.1.tgz#08c6ddf583ba359ec1113c7069e30a44ef73896d"
  integrity sha512-pdEF8VXcBTSu3fPupZahieG6Lh8eBWPtcaH/OB5QPCoN2hz4vBbspoMLB3X9kwzXRD3lwD4/j0hwj3Z/PAzzcA==
  dependencies:
    ts-toolbelt "^9.6.0"
